
Microsoft Visual Studio Solution File, Format Version 12.00
# Visual Studio Version 17
VisualStudioVersion = 17.8.34330.188
MinimumVisualStudioVersion = 10.0.40219.1
Project("{FAE04EC0-301F-11D3-BF4B-00C04F79EFBC}") = "SA-Lab1", "SA-Lab1.csproj", "{5D7A25F8-786F-4DB5-8650-F7DD39DBB9C6}"
EndProject
Project("{FAE04EC0-301F-11D3-BF4B-00C04F79EFBC}") = "WinFormsControlLibrary1", "..\WinFormsControlLibrary1\WinFormsControlLibrary1.csproj", "{DA939832-28BA-45C9-B817-8A0943607587}"
EndProject
Global
	GlobalSection(SolutionConfigurationPlatforms) = preSolution
		Debug|Any CPU = Debug|Any CPU
		Release|Any CPU = Release|Any CPU
	EndGlobalSection
	GlobalSection(ProjectConfigurationPlatforms) = postSolution
		{5D7A25F8-786F-4DB5-8650-F7DD39DBB9C6}.Debug|Any CPU.ActiveCfg = Debug|Any CPU
		{5D7A25F8-786F-4DB5-8650-F7DD39DBB9C6}.Debug|Any CPU.Build.0 = Debug|Any CPU
		{5D7A25F8-786F-4DB5-8650-F7DD39DBB9C6}.Release|Any CPU.ActiveCfg = Release|Any CPU
		{5D7A25F8-786F-4DB5-8650-F7DD39DBB9C6}.Release|Any CPU.Build.0 = Release|Any CPU
		{DA939832-28BA-45C9-B817-8A0943607587}.Debug|Any CPU.ActiveCfg = Debug|Any CPU
		{DA939832-28BA-45C9-B817-8A0943607587}.Debug|Any CPU.Build.0 = Debug|Any CPU
		{DA939832-28BA-45C9-B817-8A0943607587}.Release|Any CPU.ActiveCfg = Release|Any CPU
		{DA939832-28BA-45C9-B817-8A0943607587}.Release|Any CPU.Build.0 = Release|Any CPU
	EndGlobalSection
	GlobalSection(SolutionProperties) = preSolution
		HideSolutionNode = FALSE
	EndGlobalSection
	GlobalSection(ExtensibilityGlobals) = postSolution
		SolutionGuid = {819AB73F-75A8-481D-9924-044F95564DE0}
	EndGlobalSection
EndGlobal
